
Microsoft Visual Studio Solution File, Format Version 12.00
# Visual Studio Version 17
VisualStudioVersion = 17.5.002.0
MinimumVisualStudioVersion = 10.0.40219.1
Project("{9A19103F-16F7-4668-BE54-9A1E7A4F7556}") = "GenericCollection2", "GenericCollection2.csproj", "{A1338801-F546-44DA-A050-E7FD333CFDF0}"
EndProject
Global
	GlobalSection(SolutionConfigurationPlatforms) = preSolution
		Debug|Any CPU = Debug|Any CPU
		Release|Any CPU = Release|Any CPU
	EndGlobalSection
	GlobalSection(ProjectConfigurationPlatforms) = postSolution
		{A1338801-F546-44DA-A050-E7FD333CFDF0}.Debug|Any CPU.ActiveCfg = Debug|Any CPU
		{A1338801-F546-44DA-A050-E7FD333CFDF0}.Debug|Any CPU.Build.0 = Debug|Any CPU
		{A1338801-F546-44DA-A050-E7FD333CFDF0}.Release|Any CPU.ActiveCfg = Release|Any CPU
		{A1338801-F546-44DA-A050-E7FD333CFDF0}.Release|Any CPU.Build.0 = Release|Any CPU
	EndGlobalSection
	GlobalSection(SolutionProperties) = preSolution
		HideSolutionNode = FALSE
	EndGlobalSection
	GlobalSection(ExtensibilityGlobals) = postSolution
		SolutionGuid = {7F0877CA-EAB9-4904-A1C3-59755B241A32}
	EndGlobalSection
EndGlobal
